<Solution>
  <Folder Name="/App/">
    <File Path="App/Directory.Packages.props" />
    <Project Path="App/VRCZ.App/VRCZ.App.csproj" />
  </Folder>
  <Folder Name="/Core/">
    <Project Path="Core/VRCZ.Core.Shared/VRCZ.Core.Shared.csproj" />
  </Folder>
  <Folder Name="/SolutionItems/">
    <File Path="BuildInfo.targets" />
    <File Path="Directory.Build.props" />
    <File Path="Directory.Packages.props" />
  </Folder>
</Solution>